
Microsoft Visual Studio Solution File, Format Version 12.00
# Visual Studio 15
VisualStudioVersion = 15.0.26228.9
MinimumVisualStudioVersion = 10.0.40219.1
Project("{FAE04EC0-301F-11D3-BF4B-00C04F79EFBC}") = "BmpListener", "src\BmpListener\BmpListener.csproj", "{D2FB327E-65B5-44AD-A615-18E004119487}"
EndProject
Project("{9A19103F-16F7-4668-BE54-9A1E7A4F7556}") = "BmpListener.ConsoleExample", "examples\BmpListener.ConsoleExample\BmpListener.ConsoleExample.csproj", "{BCFA8764-9E3A-4BCA-95E6-BD3EDFD7626D}"
EndProject
Project("{FAE04EC0-301F-11D3-BF4B-00C04F79EFBC}") = "BmpListener.Tests", "test\BmpListener.Tests\BmpListener.Tests.csproj", "{0B6D0CFF-9E9F-4614-88E6-7D8173028E63}"
EndProject
Global
	GlobalSection(SolutionConfigurationPlatforms) = preSolution
		Debug|Any CPU = Debug|Any CPU
		Release|Any CPU = Release|Any CPU
	EndGlobalSection
	GlobalSection(ProjectConfigurationPlatforms) = postSolution
		{D2FB327E-65B5-44AD-A615-18E004119487}.Debug|Any CPU.ActiveCfg = Debug|Any CPU
		{D2FB327E-65B5-44AD-A615-18E004119487}.Debug|Any CPU.Build.0 = Debug|Any CPU
		{D2FB327E-65B5-44AD-A615-18E004119487}.Release|Any CPU.ActiveCfg = Release|Any CPU
		{D2FB327E-65B5-44AD-A615-18E004119487}.Release|Any CPU.Build.0 = Release|Any CPU
		{BCFA8764-9E3A-4BCA-95E6-BD3EDFD7626D}.Debug|Any CPU.ActiveCfg = Debug|Any CPU
		{BCFA8764-9E3A-4BCA-95E6-BD3EDFD7626D}.Debug|Any CPU.Build.0 = Debug|Any CPU
		{BCFA8764-9E3A-4BCA-95E6-BD3EDFD7626D}.Release|Any CPU.ActiveCfg = Release|Any CPU
		{BCFA8764-9E3A-4BCA-95E6-BD3EDFD7626D}.Release|Any CPU.Build.0 = Release|Any CPU
		{0B6D0CFF-9E9F-4614-88E6-7D8173028E63}.Debug|Any CPU.ActiveCfg = Debug|Any CPU
		{0B6D0CFF-9E9F-4614-88E6-7D8173028E63}.Debug|Any CPU.Build.0 = Debug|Any CPU
		{0B6D0CFF-9E9F-4614-88E6-7D8173028E63}.Release|Any CPU.ActiveCfg = Release|Any CPU
		{0B6D0CFF-9E9F-4614-88E6-7D8173028E63}.Release|Any CPU.Build.0 = Release|Any CPU
	EndGlobalSection
	GlobalSection(SolutionProperties) = preSolution
		HideSolutionNode = FALSE
	EndGlobalSection
EndGlobal
