
Microsoft Visual Studio Solution File, Format Version 12.00
# Visual Studio 14
VisualStudioVersion = 14.0.25420.1
MinimumVisualStudioVersion = 10.0.40219.1
Project("{FAE04EC0-301F-11D3-BF4B-00C04F79EFBC}") = "BmpListener", "BmpListener\BmpListener.csproj", "{77CDFB9B-DAF0-4910-AC2E-A6DE4A3CCAAF}"
EndProject
Project("{FAE04EC0-301F-11D3-BF4B-00C04F79EFBC}") = "BmpListener.ConsoleExample", "BmpListener.ConsoleExample\BmpListener.ConsoleExample.csproj", "{6375D5C9-E462-46C0-BCFE-A0CA63B53BB5}"
EndProject
Global
	GlobalSection(SolutionConfigurationPlatforms) = preSolution
		Debug|Any CPU = Debug|Any CPU
		Release|Any CPU = Release|Any CPU
	EndGlobalSection
	GlobalSection(ProjectConfigurationPlatforms) = postSolution
		{77CDFB9B-DAF0-4910-AC2E-A6DE4A3CCAAF}.Debug|Any CPU.ActiveCfg = Debug|Any CPU
		{77CDFB9B-DAF0-4910-AC2E-A6DE4A3CCAAF}.Debug|Any CPU.Build.0 = Debug|Any CPU
		{77CDFB9B-DAF0-4910-AC2E-A6DE4A3CCAAF}.Release|Any CPU.ActiveCfg = Release|Any CPU
		{77CDFB9B-DAF0-4910-AC2E-A6DE4A3CCAAF}.Release|Any CPU.Build.0 = Release|Any CPU
		{6375D5C9-E462-46C0-BCFE-A0CA63B53BB5}.Debug|Any CPU.ActiveCfg = Debug|Any CPU
		{6375D5C9-E462-46C0-BCFE-A0CA63B53BB5}.Debug|Any CPU.Build.0 = Debug|Any CPU
		{6375D5C9-E462-46C0-BCFE-A0CA63B53BB5}.Release|Any CPU.ActiveCfg = Release|Any CPU
		{6375D5C9-E462-46C0-BCFE-A0CA63B53BB5}.Release|Any CPU.Build.0 = Release|Any CPU
	EndGlobalSection
	GlobalSection(SolutionProperties) = preSolution
		HideSolutionNode = FALSE
	EndGlobalSection
EndGlobal
